// !$*UTF8*$!
{ archiveVersion = 1; classes = {}; objectVersion = 56; objects = {
A1 = {isa = PBXProject; attributes = {LastSwiftUpdateCheck = 1600; LastUpgradeCheck = 1600;}; buildConfigurationList = A2; compatibilityVersion = "Xcode 14.0"; developmentRegion = en; hasScannedForEncodings = 0; knownRegions = (en, Base); mainGroup = A3; productRefGroup = A4; projectDirPath = ""; projectRoot = ""; targets = (A5,T1);};
A2 = {isa = XCConfigurationList; buildConfigurations = (D1,D2); defaultConfigurationIsVisible = 0; defaultConfigurationName = Release;};
A3 = {isa = PBXGroup; children = (B1,B2,B3,A4); sourceTree = "<group>";};
A4 = {isa = PBXGroup; children = (C1,C2); name = Products; sourceTree = "<group>";};
A5 = {isa = PBXNativeTarget; buildConfigurationList = A6; buildPhases = (A7,A8,A9); buildRules = (); dependencies = (); name = LaneIOSPrototype; productName = LaneIOSPrototype; productReference = C1; productType = "com.apple.product-type.application";};
A6 = {isa = XCConfigurationList; buildConfigurations = (D3,D4); defaultConfigurationIsVisible = 0; defaultConfigurationName = Release;};
A7 = {isa = PBXSourcesBuildPhase; buildActionMask = 2147483647; files = (E1,E2,E3,E4,E5,E6,E7,E8,E9,E11,E12,E13,E16,E17,E18,E19,E20,E21,E22,E23); runOnlyForDeploymentPostprocessing = 0;};
A8 = {isa = PBXFrameworksBuildPhase; buildActionMask = 2147483647; files = (); runOnlyForDeploymentPostprocessing = 0;};
A9 = {isa = PBXResourcesBuildPhase; buildActionMask = 2147483647; files = (R1,R2,R100,R101,R102,R103,R104,R105,R106,R107,R108,R109,R110,R111,R112,R113,R114,R115,R116,R117,R118,R119,R120,R121,R122,R123,R124,R125,R126,R127,R128,R129,R130,R131,R132,R133,R134,R135,R136,R200); runOnlyForDeploymentPostprocessing = 0;};
B1 = {isa = PBXGroup; children = (F1,F2,F3,F4,F5,F6,F7,F8,F9,F11,F12,F13,F16,F17,F18,F19,F20,F21,F22,F23); path = LaneIOSPrototype; sourceTree = "<group>";};
F23 = {isa = PBXFileReference; lastKnownFileType = sourcecode.swift; path = LaneHLSOfflineStore.swift; sourceTree = "<group>";};
E23 = {isa = PBXBuildFile; fileRef = F23;};
F22 = {isa = PBXFileReference; lastKnownFileType = sourcecode.swift; path = LaneEqualizer.swift; sourceTree = "<group>";};
E22 = {isa = PBXBuildFile; fileRef = F22;};
B3 = {isa = PBXGroup; children = (F14,F15,F100,F101,F102,F103,F104,F105,F106,F107,F108,F109,F110,F111,F112,F113,F114,F115,F116,F117,F118,F119,F120,F121,F122,F123,F124,F125,F126,F127,F128,F129,F130,F131,F132,F133,F134,F135,F136,F200); path = LaneAssets; sourceTree = "<group>";};
F135 = {isa = PBXFileReference; explicitFileType = file; path = cover_liked_tracks_dark.png; sourceTree = "<group>";};
F136 = {isa = PBXFileReference; explicitFileType = file; path = lane_1_4_favourite_tracks_dark_theme__2.png; sourceTree = "<group>";};
R135 = {isa = PBXBuildFile; fileRef = F135;};
R136 = {isa = PBXBuildFile; fileRef = F136;};
F100 = {isa = PBXFileReference; explicitFileType = file; path = baseline_pause_24.png; sourceTree = "<group>";};
R100 = {isa = PBXBuildFile; fileRef = F100;};
F101 = {isa = PBXFileReference; explicitFileType = file; path = baseline_play_arrow_24.png; sourceTree = "<group>";};
R101 = {isa = PBXBuildFile; fileRef = F101;};
F102 = {isa = PBXFileReference; explicitFileType = file; path = bottom_library.png; sourceTree = "<group>";};
R102 = {isa = PBXBuildFile; fileRef = F102;};
F103 = {isa = PBXFileReference; explicitFileType = file; path = bottom_main.png; sourceTree = "<group>";};
R103 = {isa = PBXBuildFile; fileRef = F103;};
F104 = {isa = PBXFileReference; explicitFileType = file; path = bottom_main_unselected.png; sourceTree = "<group>";};
R104 = {isa = PBXBuildFile; fileRef = F104;};
F105 = {isa = PBXFileReference; explicitFileType = file; path = bottom_search.png; sourceTree = "<group>";};
R105 = {isa = PBXBuildFile; fileRef = F105;};
F106 = {isa = PBXFileReference; explicitFileType = file; path = comment.png; sourceTree = "<group>";};
R106 = {isa = PBXBuildFile; fileRef = F106;};
F107 = {isa = PBXFileReference; explicitFileType = file; path = create_new_playlist_button.png; sourceTree = "<group>";};
R107 = {isa = PBXBuildFile; fileRef = F107;};
F108 = {isa = PBXFileReference; explicitFileType = file; path = download_playlist.png; sourceTree = "<group>";};
R108 = {isa = PBXBuildFile; fileRef = F108;};
F109 = {isa = PBXFileReference; explicitFileType = file; path = heart.png; sourceTree = "<group>";};
R109 = {isa = PBXBuildFile; fileRef = F109;};
F110 = {isa = PBXFileReference; explicitFileType = file; path = ic_delete.png; sourceTree = "<group>";};
R110 = {isa = PBXBuildFile; fileRef = F110;};
F111 = {isa = PBXFileReference; explicitFileType = file; path = ic_download.png; sourceTree = "<group>";};
R111 = {isa = PBXBuildFile; fileRef = F111;};
F112 = {isa = PBXFileReference; explicitFileType = file; path = ic_lib_outline.png; sourceTree = "<group>";};
R112 = {isa = PBXBuildFile; fileRef = F112;};
F113 = {isa = PBXFileReference; explicitFileType = file; path = ic_share.png; sourceTree = "<group>";};
R113 = {isa = PBXBuildFile; fileRef = F113;};
F114 = {isa = PBXFileReference; explicitFileType = file; path = ic_soundcloud.png; sourceTree = "<group>";};
R114 = {isa = PBXBuildFile; fileRef = F114;};
F115 = {isa = PBXFileReference; explicitFileType = file; path = ic_splash_logo_dark.png; sourceTree = "<group>";};
R115 = {isa = PBXBuildFile; fileRef = F115;};
F116 = {isa = PBXFileReference; explicitFileType = file; path = ic_spotify.png; sourceTree = "<group>";};
R116 = {isa = PBXBuildFile; fileRef = F116;};
F117 = {isa = PBXFileReference; explicitFileType = file; path = ic_yandex_music.png; sourceTree = "<group>";};
R117 = {isa = PBXBuildFile; fileRef = F117;};
F118 = {isa = PBXFileReference; explicitFileType = file; path = import_tracks_background_card.png; sourceTree = "<group>";};
R118 = {isa = PBXBuildFile; fileRef = F118;};
F119 = {isa = PBXFileReference; explicitFileType = file; path = invisible.png; sourceTree = "<group>";};
R119 = {isa = PBXBuildFile; fileRef = F119;};
F120 = {isa = PBXFileReference; explicitFileType = file; path = lane.png; sourceTree = "<group>";};
R120 = {isa = PBXBuildFile; fileRef = F120;};
F121 = {isa = PBXFileReference; explicitFileType = file; path = lane_3d_logo_playlist.png; sourceTree = "<group>";};
R121 = {isa = PBXBuildFile; fileRef = F121;};
F122 = {isa = PBXFileReference; explicitFileType = file; path = lane_logo_3d_wave.png; sourceTree = "<group>";};
R122 = {isa = PBXBuildFile; fileRef = F122;};
F123 = {isa = PBXFileReference; explicitFileType = file; path = lane_pro_banner.png; sourceTree = "<group>";};
R123 = {isa = PBXBuildFile; fileRef = F123;};
F124 = {isa = PBXFileReference; explicitFileType = file; path = like.png; sourceTree = "<group>";};
R124 = {isa = PBXBuildFile; fileRef = F124;};
F125 = {isa = PBXFileReference; explicitFileType = file; path = queue.png; sourceTree = "<group>";};
R125 = {isa = PBXBuildFile; fileRef = F125;};
F126 = {isa = PBXFileReference; explicitFileType = file; path = repeat.png; sourceTree = "<group>";};
R126 = {isa = PBXBuildFile; fileRef = F126;};
F127 = {isa = PBXFileReference; explicitFileType = file; path = repeat_1.png; sourceTree = "<group>";};
R127 = {isa = PBXBuildFile; fileRef = F127;};
F128 = {isa = PBXFileReference; explicitFileType = file; path = shuffle.png; sourceTree = "<group>";};
R128 = {isa = PBXBuildFile; fileRef = F128;};
F129 = {isa = PBXFileReference; explicitFileType = file; path = skip_backward.png; sourceTree = "<group>";};
R129 = {isa = PBXBuildFile; fileRef = F129;};
F130 = {isa = PBXFileReference; explicitFileType = file; path = skip_forward.png; sourceTree = "<group>";};
R130 = {isa = PBXBuildFile; fileRef = F130;};
F131 = {isa = PBXFileReference; explicitFileType = file; path = telegram.png; sourceTree = "<group>";};
R131 = {isa = PBXBuildFile; fileRef = F131;};
F132 = {isa = PBXFileReference; explicitFileType = file; path = text.png; sourceTree = "<group>";};
R132 = {isa = PBXBuildFile; fileRef = F132;};
F133 = {isa = PBXFileReference; explicitFileType = file; path = verified.png; sourceTree = "<group>";};
R133 = {isa = PBXBuildFile; fileRef = F133;};
F134 = {isa = PBXFileReference; explicitFileType = file; path = visible.png; sourceTree = "<group>";};
R134 = {isa = PBXBuildFile; fileRef = F134;};
F13 = {isa = PBXFileReference; lastKnownFileType = sourcecode.swift; path = LaneCommunityViews.swift; sourceTree = "<group>";};
E13 = {isa = PBXBuildFile; fileRef = F13;};
F16 = {isa = PBXFileReference; lastKnownFileType = sourcecode.swift; path = LaneYandexAccountImport.swift; sourceTree = "<group>";};
F17 = {isa = PBXFileReference; lastKnownFileType = sourcecode.swift; path = LaneAudioRuntime.swift; sourceTree = "<group>";};
F18 = {isa = PBXFileReference; lastKnownFileType = sourcecode.swift; path = LaneTypography.swift; sourceTree = "<group>";};
F19 = {isa = PBXFileReference; lastKnownFileType = sourcecode.swift; path = LaneActivityViews.swift; sourceTree = "<group>";};
F20 = {isa = PBXFileReference; lastKnownFileType = sourcecode.swift; path = LaneAnimatedImage.swift; sourceTree = "<group>";};
F21 = {isa = PBXFileReference; lastKnownFileType = sourcecode.swift; path = LaneImageCropper.swift; sourceTree = "<group>";};
E21 = {isa = PBXBuildFile; fileRef = F21;};
E20 = {isa = PBXBuildFile; fileRef = F20;};
E19 = {isa = PBXBuildFile; fileRef = F19;};
E18 = {isa = PBXBuildFile; fileRef = F18;};
F200 = {isa = PBXFileReference; lastKnownFileType = folder; path = Fonts; sourceTree = "<group>";};
R200 = {isa = PBXBuildFile; fileRef = F200;};
E17 = {isa = PBXBuildFile; fileRef = F17;};
E16 = {isa = PBXBuildFile; fileRef = F16;};
F14 = {isa = PBXFileReference; explicitFileType = file; path = candle.png; sourceTree = "<group>";};
F15 = {isa = PBXFileReference; lastKnownFileType = image.gif; path = amen.gif; sourceTree = "<group>";};
R1 = {isa = PBXBuildFile; fileRef = F14;};
R2 = {isa = PBXBuildFile; fileRef = F15;};
C1 = {isa = PBXFileReference; explicitFileType = wrapper.application; includeInIndex = 0; path = LaneIOSPrototype.app; sourceTree = BUILT_PRODUCTS_DIR;};
F1 = {isa = PBXFileReference; lastKnownFileType = sourcecode.swift; path = LaneIOSPrototypeApp.swift; sourceTree = "<group>";};
F2 = {isa = PBXFileReference; lastKnownFileType = sourcecode.swift; path = ContentView.swift; sourceTree = "<group>";};
F3 = {isa = PBXFileReference; lastKnownFileType = sourcecode.swift; path = LaneAPI.swift; sourceTree = "<group>";};
F4 = {isa = PBXFileReference; lastKnownFileType = sourcecode.swift; path = LaneSession.swift; sourceTree = "<group>";};
F5 = {isa = PBXFileReference; lastKnownFileType = sourcecode.swift; path = KeychainStore.swift; sourceTree = "<group>";};
F6 = {isa = PBXFileReference; lastKnownFileType = sourcecode.swift; path = LaneModels.swift; sourceTree = "<group>";};
F7 = {isa = PBXFileReference; lastKnownFileType = sourcecode.swift; path = RequestSigner.swift; sourceTree = "<group>";};
F8 = {isa = PBXFileReference; lastKnownFileType = sourcecode.swift; path = APKParityViews.swift; sourceTree = "<group>";};
F9 = {isa = PBXFileReference; lastKnownFileType = sourcecode.swift; path = AndroidNetworkTransport.swift; sourceTree = "<group>";};
F11 = {isa = PBXFileReference; lastKnownFileType = sourcecode.swift; path = LaneProgressiveAudioLoader.swift; sourceTree = "<group>";};
E11 = {isa = PBXBuildFile; fileRef = F11;};
F12 = {isa = PBXFileReference; lastKnownFileType = sourcecode.swift; path = LaneIncomingShareScreen.swift; sourceTree = "<group>";};
E12 = {isa = PBXBuildFile; fileRef = F12;};
E1 = {isa = PBXBuildFile; fileRef = F1;}; E2 = {isa = PBXBuildFile; fileRef = F2;}; E3 = {isa = PBXBuildFile; fileRef = F3;}; E4 = {isa = PBXBuildFile; fileRef = F4;}; E5 = {isa = PBXBuildFile; fileRef = F5;}; E6 = {isa = PBXBuildFile; fileRef = F6;}; E7 = {isa = PBXBuildFile; fileRef = F7;}; E8 = {isa = PBXBuildFile; fileRef = F8;}; E9 = {isa = PBXBuildFile; fileRef = F9;};
D1 = {isa = XCBuildConfiguration; buildSettings = {SWIFT_VERSION = 5.0;}; name = Debug;}; D2 = {isa = XCBuildConfiguration; buildSettings = {SWIFT_VERSION = 5.0;}; name = Release;};
D3 = {isa = XCBuildConfiguration; buildSettings = {COMPRESS_PNG_FILES = NO;CODE_SIGN_STYLE = Automatic; CURRENT_PROJECT_VERSION = 93; GENERATE_INFOPLIST_FILE = NO; INFOPLIST_FILE = LaneIOSPrototype/Info.plist; IPHONEOS_DEPLOYMENT_TARGET = 16.0; MARKETING_VERSION = 0.93; PRODUCT_BUNDLE_IDENTIFIER = com.lane.ios; PRODUCT_NAME = "$(TARGET_NAME)"; SDKROOT = iphoneos; SUPPORTED_PLATFORMS = "iphoneos iphonesimulator"; SWIFT_ACTIVE_COMPILATION_CONDITIONS = DEBUG; SWIFT_VERSION = 5.0; TARGETED_DEVICE_FAMILY = 1;}; name = Debug;};
D4 = {isa = XCBuildConfiguration; buildSettings = {COMPRESS_PNG_FILES = NO;CODE_SIGN_STYLE = Automatic; CURRENT_PROJECT_VERSION = 93; GENERATE_INFOPLIST_FILE = NO; INFOPLIST_FILE = LaneIOSPrototype/Info.plist; IPHONEOS_DEPLOYMENT_TARGET = 16.0; MARKETING_VERSION = 0.93; PRODUCT_BUNDLE_IDENTIFIER = com.lane.ios; PRODUCT_NAME = "$(TARGET_NAME)"; SDKROOT = iphoneos; SUPPORTED_PLATFORMS = "iphoneos iphonesimulator"; SWIFT_VERSION = 5.0; TARGETED_DEVICE_FAMILY = 1;}; name = Release;};
B2 = {isa = PBXGroup; children = (F10); path = LaneIOSPrototypeUITests; sourceTree = "<group>";};
F10 = {isa = PBXFileReference; lastKnownFileType = sourcecode.swift; path = LaneNavigationTests.swift; sourceTree = "<group>";};
C2 = {isa = PBXFileReference; explicitFileType = wrapper.cfbundle; includeInIndex = 0; path = LaneIOSPrototypeUITests.xctest; sourceTree = BUILT_PRODUCTS_DIR;};
E10 = {isa = PBXBuildFile; fileRef = F10;};
T1 = {isa = PBXNativeTarget; buildConfigurationList = T2; buildPhases = (T3,T4,T5); buildRules = (); dependencies = (T6); name = LaneIOSPrototypeUITests; productName = LaneIOSPrototypeUITests; productReference = C2; productType = "com.apple.product-type.bundle.ui-testing";};
T2 = {isa = XCConfigurationList; buildConfigurations = (D5,D6); defaultConfigurationIsVisible = 0; defaultConfigurationName = Debug;};
T3 = {isa = PBXSourcesBuildPhase; buildActionMask = 2147483647; files = (E10); runOnlyForDeploymentPostprocessing = 0;};
T4 = {isa = PBXFrameworksBuildPhase; buildActionMask = 2147483647; files = (); runOnlyForDeploymentPostprocessing = 0;};
T5 = {isa = PBXResourcesBuildPhase; buildActionMask = 2147483647; files = (); runOnlyForDeploymentPostprocessing = 0;};
T6 = {isa = PBXTargetDependency; target = A5; targetProxy = T7;};
T7 = {isa = PBXContainerItemProxy; containerPortal = A1; proxyType = 1; remoteGlobalIDString = A5; remoteInfo = LaneIOSPrototype;};
D5 = {isa = XCBuildConfiguration; buildSettings = {GENERATE_INFOPLIST_FILE = YES; IPHONEOS_DEPLOYMENT_TARGET = 16.0; PRODUCT_BUNDLE_IDENTIFIER = com.lane.ios.uitests; PRODUCT_NAME = "$(TARGET_NAME)"; SDKROOT = iphoneos; SWIFT_VERSION = 5.0; TARGETED_DEVICE_FAMILY = 1; TEST_TARGET_NAME = LaneIOSPrototype;}; name = Debug;};
D6 = {isa = XCBuildConfiguration; buildSettings = {GENERATE_INFOPLIST_FILE = YES; IPHONEOS_DEPLOYMENT_TARGET = 16.0; PRODUCT_BUNDLE_IDENTIFIER = com.lane.ios.uitests; PRODUCT_NAME = "$(TARGET_NAME)"; SDKROOT = iphoneos; SWIFT_VERSION = 5.0; TARGETED_DEVICE_FAMILY = 1; TEST_TARGET_NAME = LaneIOSPrototype;}; name = Release;};
}; rootObject = A1; }
